
Microsoft Visual Studio Solution File, Format Version 12.00
# Visual Studio Version 17
VisualStudioVersion = 17.11.35327.3
MinimumVisualStudioVersion = 10.0.40219.1
Project("{FAE04EC0-301F-11D3-BF4B-00C04F79EFBC}") = "section1-task2", "section1-task2.csproj", "{331685E0-330D-49B2-977D-067143A310DF}"
EndProject
Global
	GlobalSection(SolutionConfigurationPlatforms) = preSolution
		Debug|Any CPU = Debug|Any CPU
		Release|Any CPU = Release|Any CPU
	EndGlobalSection
	GlobalSection(ProjectConfigurationPlatforms) = postSolution
		{331685E0-330D-49B2-977D-067143A310DF}.Debug|Any CPU.ActiveCfg = Debug|Any CPU
		{331685E0-330D-49B2-977D-067143A310DF}.Debug|Any CPU.Build.0 = Debug|Any CPU
		{331685E0-330D-49B2-977D-067143A310DF}.Release|Any CPU.ActiveCfg = Release|Any CPU
		{331685E0-330D-49B2-977D-067143A310DF}.Release|Any CPU.Build.0 = Release|Any CPU
	EndGlobalSection
	GlobalSection(SolutionProperties) = preSolution
		HideSolutionNode = FALSE
	EndGlobalSection
	GlobalSection(ExtensibilityGlobals) = postSolution
		SolutionGuid = {2220195B-3711-4572-801F-449C47C9183F}
	EndGlobalSection
EndGlobal
